Microsoft Visual Studio Solution File, Format Version 12.00
# Visual Studio Version 17
VisualStudioVersion = 17.5.2.0
MinimumVisualStudioVersion = 10.0.40219.1
Project("{FAE04EC0-301F-11D3-BF4B-00C04F79EFBC}") = "TaleTrail.API", "TaleTrail.API\TaleTrail.API.csproj", "{AAD68759-5CCC-5939-A400-409726CFB9DD}"
EndProject
Global
	GlobalSection(SolutionConfigurationPlatforms) = preSolution
		Debug|Any CPU = Debug|Any CPU
		Release|Any CPU = Release|Any CPU
	EndGlobalSection
	GlobalSection(ProjectConfigurationPlatforms) = postSolution
		{AAD68759-5CCC-5939-A400-409726CFB9DD}.Debug|Any CPU.ActiveCfg = Debug|Any CPU
		{AAD68759-5CCC-5939-A400-409726CFB9DD}.Debug|Any CPU.Build.0 = Debug|Any CPU
		{AAD68759-5CCC-5939-A400-409726CFB9DD}.Release|Any CPU.ActiveCfg = Release|Any CPU
		{AAD68759-5CCC-5939-A400-409726CFB9DD}.Release|Any CPU.Build.0 = Release|Any CPU
	EndGlobalSection
	GlobalSection(SolutionProperties) = preSolution
		HideSolutionNode = FALSE
	EndGlobalSection
	GlobalSection(ExtensibilityGlobals) = postSolution
		SolutionGuid = {06CCB018-2C28-46C1-9F82-0088B3F6C360}
	EndGlobalSection
EndGlobal
